
Microsoft Visual Studio Solution File, Format Version 12.00
# Visual Studio Version 17
VisualStudioVersion = 17.5.33414.496
MinimumVisualStudioVersion = 10.0.40219.1
Project("{FAE04EC0-301F-11D3-BF4B-00C04F79EFBC}") = "resize array", "resize array.csproj", "{7BDB8BD9-03E9-4588-B1A7-A1AA26591378}"
EndProject
Global
	GlobalSection(SolutionConfigurationPlatforms) = preSolution
		Debug|Any CPU = Debug|Any CPU
		Release|Any CPU = Release|Any CPU
	EndGlobalSection
	GlobalSection(ProjectConfigurationPlatforms) = postSolution
		{7BDB8BD9-03E9-4588-B1A7-A1AA26591378}.Debug|Any CPU.ActiveCfg = Debug|Any CPU
		{7BDB8BD9-03E9-4588-B1A7-A1AA26591378}.Debug|Any CPU.Build.0 = Debug|Any CPU
		{7BDB8BD9-03E9-4588-B1A7-A1AA26591378}.Release|Any CPU.ActiveCfg = Release|Any CPU
		{7BDB8BD9-03E9-4588-B1A7-A1AA26591378}.Release|Any CPU.Build.0 = Release|Any CPU
	EndGlobalSection
	GlobalSection(SolutionProperties) = preSolution
		HideSolutionNode = FALSE
	EndGlobalSection
	GlobalSection(ExtensibilityGlobals) = postSolution
		SolutionGuid = {D3A18A98-38A1-4287-9CF5-F505FA371B72}
	EndGlobalSection
EndGlobal
